
Microsoft Visual Studio Solution File, Format Version 9.00
# Visual C++ Express 2005
Project("{8BC9CEB8-8B4A-11D0-8D11-00A0C91BC942}") = "SoundOut", "SoundOut.vcproj", "{8E07FCB1-C7C7-47B4-93BB-8BF5C243C10F}"
	ProjectSection(ProjectDependencies) = postProject
		{20CF3808-F7E7-4EA4-8C34-0914D2C2AA14} = {20CF3808-F7E7-4EA4-8C34-0914D2C2AA14}
		{1A87F412-BA74-4DBB-9F77-FD55C042FB63} = {1A87F412-BA74-4DBB-9F77-FD55C042FB63}
		{7B1285B7-1535-4440-A7A9-7D1BE1D29414} = {7B1285B7-1535-4440-A7A9-7D1BE1D29414}
		{E316772F-5D8F-4F2A-8F71-094C3E859D34} = {E316772F-5D8F-4F2A-8F71-094C3E859D34}
	EndProjectSection
EndProject
Project("{8BC9CEB8-8B4A-11D0-8D11-00A0C91BC942}") = "wavpackdll", "dep\wavpack\wavpackdll\wavpackdll.vcproj", "{1A87F412-BA74-4DBB-9F77-FD55C042FB63}"
EndProject
Project("{8BC9CEB8-8B4A-11D0-8D11-00A0C91BC942}") = "libmp3lame", "dep\lame\libmp3lame\libmp3lame_vc7.vcproj", "{E316772F-5D8F-4F2A-8F71-094C3E859D34}"
EndProject
Project("{8BC9CEB8-8B4A-11D0-8D11-00A0C91BC942}") = "Twolame", "dep\twolame\Twolame.vcproj", "{7B1285B7-1535-4440-A7A9-7D1BE1D29414}"
EndProject
Project("{8BC9CEB8-8B4A-11D0-8D11-00A0C91BC942}") = "aften_static", "dep\aften\build\aften_static.vcproj", "{20CF3808-F7E7-4EA4-8C34-0914D2C2AA14}"
EndProject
Global
	GlobalSection(SolutionConfigurationPlatforms) = preSolution
		Debug|Win32 = Debug|Win32
		Release|Win32 = Release|Win32
	EndGlobalSection
	GlobalSection(ProjectConfigurationPlatforms) = postSolution
		{8E07FCB1-C7C7-47B4-93BB-8BF5C243C10F}.Debug|Win32.ActiveCfg = Debug|Win32
		{8E07FCB1-C7C7-47B4-93BB-8BF5C243C10F}.Debug|Win32.Build.0 = Debug|Win32
		{8E07FCB1-C7C7-47B4-93BB-8BF5C243C10F}.Release|Win32.ActiveCfg = Release|Win32
		{8E07FCB1-C7C7-47B4-93BB-8BF5C243C10F}.Release|Win32.Build.0 = Release|Win32
		{1A87F412-BA74-4DBB-9F77-FD55C042FB63}.Debug|Win32.ActiveCfg = Debug|Win32
		{1A87F412-BA74-4DBB-9F77-FD55C042FB63}.Debug|Win32.Build.0 = Debug|Win32
		{1A87F412-BA74-4DBB-9F77-FD55C042FB63}.Release|Win32.ActiveCfg = Release|Win32
		{1A87F412-BA74-4DBB-9F77-FD55C042FB63}.Release|Win32.Build.0 = Release|Win32
		{E316772F-5D8F-4F2A-8F71-094C3E859D34}.Debug|Win32.ActiveCfg = Release NASM|Win32
		{E316772F-5D8F-4F2A-8F71-094C3E859D34}.Debug|Win32.Build.0 = Release NASM|Win32
		{E316772F-5D8F-4F2A-8F71-094C3E859D34}.Release|Win32.ActiveCfg = Release NASM|Win32
		{E316772F-5D8F-4F2A-8F71-094C3E859D34}.Release|Win32.Build.0 = Release NASM|Win32
		{7B1285B7-1535-4440-A7A9-7D1BE1D29414}.Debug|Win32.ActiveCfg = Debug|Win32
		{7B1285B7-1535-4440-A7A9-7D1BE1D29414}.Debug|Win32.Build.0 = Debug|Win32
		{7B1285B7-1535-4440-A7A9-7D1BE1D29414}.Release|Win32.ActiveCfg = Release|Win32
		{7B1285B7-1535-4440-A7A9-7D1BE1D29414}.Release|Win32.Build.0 = Release|Win32
		{20CF3808-F7E7-4EA4-8C34-0914D2C2AA14}.Debug|Win32.ActiveCfg = Release|Win32
		{20CF3808-F7E7-4EA4-8C34-0914D2C2AA14}.Debug|Win32.Build.0 = Release|Win32
		{20CF3808-F7E7-4EA4-8C34-0914D2C2AA14}.Release|Win32.ActiveCfg = Release|Win32
		{20CF3808-F7E7-4EA4-8C34-0914D2C2AA14}.Release|Win32.Build.0 = Release|Win32
	EndGlobalSection
	GlobalSection(SolutionProperties) = preSolution
		HideSolutionNode = FALSE
	EndGlobalSection
EndGlobal
