
Microsoft Visual Studio Solution File, Format Version 11.00
# Visual Studio 2010
Project("{8BC9CEB8-8B4A-11D0-8D11-00A0C91BC942}") = "DirectShowSource", "plugins\DirectShowSource\DirectShowSource.vcxproj", "{D3FA980C-CC29-3AC2-2343-16F742573729}"
EndProject
Project("{8BC9CEB8-8B4A-11D0-8D11-00A0C91BC942}") = "SoftWire", "..\distrib\include\SoftWire\SoftWire.vcxproj", "{F56DA30C-2B6B-0D5D-E8DE-1D05456F9587}"
EndProject
Project("{8BC9CEB8-8B4A-11D0-8D11-00A0C91BC942}") = "SoundTouch", "..\distrib\include\SoundTouch\SoundTouch.vcxproj", "{285BEC03-0AFC-D427-374E-976633F54B62}"
EndProject
Project("{8BC9CEB8-8B4A-11D0-8D11-00A0C91BC942}") = "TCPDeliver", "plugins\TCPDeliver\TCPDeliver.vcxproj", "{E5C6B978-726C-FB52-4A7E-10B955FB011D}"
EndProject
Project("{8BC9CEB8-8B4A-11D0-8D11-00A0C91BC942}") = "avisynth", "avisynth.vcxproj", "{3EA09F7A-44A8-4123-32B6-79208F5F2501}"
	ProjectSection(ProjectDependencies) = postProject
		{F56DA30C-2B6B-0D5D-E8DE-1D05456F9587} = {F56DA30C-2B6B-0D5D-E8DE-1D05456F9587}
		{4A2754F7-6E87-A9E7-203C-6C28094A7EEC} = {4A2754F7-6E87-A9E7-203C-6C28094A7EEC}
		{285BEC03-0AFC-D427-374E-976633F54B62} = {285BEC03-0AFC-D427-374E-976633F54B62}
	EndProjectSection
EndProject
Project("{8BC9CEB8-8B4A-11D0-8D11-00A0C91BC942}") = "pfc", "..\distrib\include\pfc\pfc.vcxproj", "{4A2754F7-6E87-A9E7-203C-6C28094A7EEC}"
EndProject
Global
	GlobalSection(SolutionConfigurationPlatforms) = preSolution
		Debug|Win32 = Debug|Win32
		Release|Win32 = Release|Win32
		Relsym|Win32 = Relsym|Win32
		Template|Win32 = Template|Win32
	EndGlobalSection
	GlobalSection(ProjectConfigurationPlatforms) = postSolution
		{D3FA980C-CC29-3AC2-2343-16F742573729}.Debug|Win32.ActiveCfg = Debug|Win32
		{D3FA980C-CC29-3AC2-2343-16F742573729}.Debug|Win32.Build.0 = Debug|Win32
		{D3FA980C-CC29-3AC2-2343-16F742573729}.Release|Win32.ActiveCfg = Release|Win32
		{D3FA980C-CC29-3AC2-2343-16F742573729}.Release|Win32.Build.0 = Release|Win32
		{D3FA980C-CC29-3AC2-2343-16F742573729}.Relsym|Win32.ActiveCfg = Release|Win32
		{D3FA980C-CC29-3AC2-2343-16F742573729}.Relsym|Win32.Build.0 = Release|Win32
		{D3FA980C-CC29-3AC2-2343-16F742573729}.Template|Win32.ActiveCfg = Release|Win32
		{D3FA980C-CC29-3AC2-2343-16F742573729}.Template|Win32.Build.0 = Release|Win32
		{F56DA30C-2B6B-0D5D-E8DE-1D05456F9587}.Debug|Win32.ActiveCfg = Debug|Win32
		{F56DA30C-2B6B-0D5D-E8DE-1D05456F9587}.Debug|Win32.Build.0 = Debug|Win32
		{F56DA30C-2B6B-0D5D-E8DE-1D05456F9587}.Release|Win32.ActiveCfg = Release|Win32
		{F56DA30C-2B6B-0D5D-E8DE-1D05456F9587}.Release|Win32.Build.0 = Release|Win32
		{F56DA30C-2B6B-0D5D-E8DE-1D05456F9587}.Relsym|Win32.ActiveCfg = Relsym|Win32
		{F56DA30C-2B6B-0D5D-E8DE-1D05456F9587}.Relsym|Win32.Build.0 = Relsym|Win32
		{F56DA30C-2B6B-0D5D-E8DE-1D05456F9587}.Template|Win32.ActiveCfg = Template|Win32
		{F56DA30C-2B6B-0D5D-E8DE-1D05456F9587}.Template|Win32.Build.0 = Template|Win32
		{285BEC03-0AFC-D427-374E-976633F54B62}.Debug|Win32.ActiveCfg = Debug|Win32
		{285BEC03-0AFC-D427-374E-976633F54B62}.Debug|Win32.Build.0 = Debug|Win32
		{285BEC03-0AFC-D427-374E-976633F54B62}.Release|Win32.ActiveCfg = Release|Win32
		{285BEC03-0AFC-D427-374E-976633F54B62}.Release|Win32.Build.0 = Release|Win32
		{285BEC03-0AFC-D427-374E-976633F54B62}.Relsym|Win32.ActiveCfg = Relsym|Win32
		{285BEC03-0AFC-D427-374E-976633F54B62}.Relsym|Win32.Build.0 = Relsym|Win32
		{285BEC03-0AFC-D427-374E-976633F54B62}.Template|Win32.ActiveCfg = Template|Win32
		{285BEC03-0AFC-D427-374E-976633F54B62}.Template|Win32.Build.0 = Template|Win32
		{E5C6B978-726C-FB52-4A7E-10B955FB011D}.Debug|Win32.ActiveCfg = Debug|Win32
		{E5C6B978-726C-FB52-4A7E-10B955FB011D}.Debug|Win32.Build.0 = Debug|Win32
		{E5C6B978-726C-FB52-4A7E-10B955FB011D}.Release|Win32.ActiveCfg = Release|Win32
		{E5C6B978-726C-FB52-4A7E-10B955FB011D}.Release|Win32.Build.0 = Release|Win32
		{E5C6B978-726C-FB52-4A7E-10B955FB011D}.Relsym|Win32.ActiveCfg = Release|Win32
		{E5C6B978-726C-FB52-4A7E-10B955FB011D}.Relsym|Win32.Build.0 = Release|Win32
		{E5C6B978-726C-FB52-4A7E-10B955FB011D}.Template|Win32.ActiveCfg = Template|Win32
		{E5C6B978-726C-FB52-4A7E-10B955FB011D}.Template|Win32.Build.0 = Template|Win32
		{3EA09F7A-44A8-4123-32B6-79208F5F2501}.Debug|Win32.ActiveCfg = Debug|Win32
		{3EA09F7A-44A8-4123-32B6-79208F5F2501}.Debug|Win32.Build.0 = Debug|Win32
		{3EA09F7A-44A8-4123-32B6-79208F5F2501}.Release|Win32.ActiveCfg = Release|Win32
		{3EA09F7A-44A8-4123-32B6-79208F5F2501}.Release|Win32.Build.0 = Release|Win32
		{3EA09F7A-44A8-4123-32B6-79208F5F2501}.Relsym|Win32.ActiveCfg = RelSym|Win32
		{3EA09F7A-44A8-4123-32B6-79208F5F2501}.Relsym|Win32.Build.0 = RelSym|Win32
		{3EA09F7A-44A8-4123-32B6-79208F5F2501}.Template|Win32.ActiveCfg = Template|Win32
		{3EA09F7A-44A8-4123-32B6-79208F5F2501}.Template|Win32.Build.0 = Template|Win32
		{4A2754F7-6E87-A9E7-203C-6C28094A7EEC}.Debug|Win32.ActiveCfg = Debug|Win32
		{4A2754F7-6E87-A9E7-203C-6C28094A7EEC}.Debug|Win32.Build.0 = Debug|Win32
		{4A2754F7-6E87-A9E7-203C-6C28094A7EEC}.Release|Win32.ActiveCfg = Release|Win32
		{4A2754F7-6E87-A9E7-203C-6C28094A7EEC}.Release|Win32.Build.0 = Release|Win32
		{4A2754F7-6E87-A9E7-203C-6C28094A7EEC}.Relsym|Win32.ActiveCfg = Relsym|Win32
		{4A2754F7-6E87-A9E7-203C-6C28094A7EEC}.Relsym|Win32.Build.0 = Relsym|Win32
		{4A2754F7-6E87-A9E7-203C-6C28094A7EEC}.Template|Win32.ActiveCfg = Template|Win32
		{4A2754F7-6E87-A9E7-203C-6C28094A7EEC}.Template|Win32.Build.0 = Template|Win32
	EndGlobalSection
	GlobalSection(SolutionProperties) = preSolution
		HideSolutionNode = FALSE
	EndGlobalSection
EndGlobal
